
Microsoft Visual Studio Solution File, Format Version 12.00
# Visual Studio Version 17
VisualStudioVersion = 17.2.32616.157
MinimumVisualStudioVersion = 10.0.40219.1
Project("{FAE04EC0-301F-11D3-BF4B-00C04F79EFBC}") = "AppClimaTempo.Android", "AppClimaTempo\AppClimaTempo.Android\AppClimaTempo.Android.csproj", "{AFD3F388-710E-4E78-9751-65AA68EC07E8}"
EndProject
Project("{FAE04EC0-301F-11D3-BF4B-00C04F79EFBC}") = "AppClimaTempo", "AppClimaTempo\AppClimaTempo\AppClimaTempo.csproj", "{C8C1AC0F-287C-4E48-95E2-743F3F5FBD0C}"
EndProject
Global
	GlobalSection(SolutionConfigurationPlatforms) = preSolution
		Debug|Any CPU = Debug|Any CPU
		Release|Any CPU = Release|Any CPU
	EndGlobalSection
	GlobalSection(ProjectConfigurationPlatforms) = postSolution
		{AFD3F388-710E-4E78-9751-65AA68EC07E8}.Debug|Any CPU.ActiveCfg = Debug|Any CPU
		{AFD3F388-710E-4E78-9751-65AA68EC07E8}.Debug|Any CPU.Build.0 = Debug|Any CPU
		{AFD3F388-710E-4E78-9751-65AA68EC07E8}.Debug|Any CPU.Deploy.0 = Debug|Any CPU
		{AFD3F388-710E-4E78-9751-65AA68EC07E8}.Release|Any CPU.ActiveCfg = Release|Any CPU
		{AFD3F388-710E-4E78-9751-65AA68EC07E8}.Release|Any CPU.Build.0 = Release|Any CPU
		{AFD3F388-710E-4E78-9751-65AA68EC07E8}.Release|Any CPU.Deploy.0 = Release|Any CPU
		{C8C1AC0F-287C-4E48-95E2-743F3F5FBD0C}.Debug|Any CPU.ActiveCfg = Debug|Any CPU
		{C8C1AC0F-287C-4E48-95E2-743F3F5FBD0C}.Debug|Any CPU.Build.0 = Debug|Any CPU
		{C8C1AC0F-287C-4E48-95E2-743F3F5FBD0C}.Debug|Any CPU.Deploy.0 = Debug|Any CPU
		{C8C1AC0F-287C-4E48-95E2-743F3F5FBD0C}.Release|Any CPU.ActiveCfg = Release|Any CPU
		{C8C1AC0F-287C-4E48-95E2-743F3F5FBD0C}.Release|Any CPU.Build.0 = Release|Any CPU
		{C8C1AC0F-287C-4E48-95E2-743F3F5FBD0C}.Release|Any CPU.Deploy.0 = Release|Any CPU
	EndGlobalSection
	GlobalSection(SolutionProperties) = preSolution
		HideSolutionNode = FALSE
	EndGlobalSection
	GlobalSection(ExtensibilityGlobals) = postSolution
		SolutionGuid = {A9F11EB9-413A-41A1-A6C0-0C9EB1FBDE8A}
	EndGlobalSection
EndGlobal
